
Microsoft Visual Studio Solution File, Format Version 12.00
# Visual Studio 2012
Project("{FAE04EC0-301F-11D3-BF4B-00C04F79EFBC}") = "Multithreaded Applications", "Multithreaded Applications\Multithreaded Applications.csproj", "{53597B9C-5FB1-4334-B3EF-0050F5387581}"
EndProject
Global
	GlobalSection(SolutionConfigurationPlatforms) = preSolution
		Debug|Any CPU = Debug|Any CPU
		Release|Any CPU = Release|Any CPU
	EndGlobalSection
	GlobalSection(ProjectConfigurationPlatforms) = postSolution
		{53597B9C-5FB1-4334-B3EF-0050F5387581}.Debug|Any CPU.ActiveCfg = Debug|Any CPU
		{53597B9C-5FB1-4334-B3EF-0050F5387581}.Debug|Any CPU.Build.0 = Debug|Any CPU
		{53597B9C-5FB1-4334-B3EF-0050F5387581}.Release|Any CPU.ActiveCfg = Release|Any CPU
		{53597B9C-5FB1-4334-B3EF-0050F5387581}.Release|Any CPU.Build.0 = Release|Any CPU
	EndGlobalSection
	GlobalSection(SolutionProperties) = preSolution
		HideSolutionNode = FALSE
	EndGlobalSection
EndGlobal
